#MicroXplorer Configuration settings - do not modify
ADC1.Channel-1\#ChannelInjectedConversion=ADC_CHANNEL_11
ADC1.Channel-1\#ChannelRegularConversion=ADC_CHANNEL_11
ADC1.Channel-2\#ChannelInjectedConversion=ADC_CHANNEL_11
ADC1.ClockPrescaler=ADC_CLOCK_SYNC_PCLK_DIV4
ADC1.ContinuousConvMode=DISABLE
ADC1.DMAContinuousRequests=DISABLE
ADC1.DataAlign=ADC_DATAALIGN_LEFT
ADC1.DiscontinuousConvMode=DISABLE
ADC1.EOCSelection=ADC_EOC_SINGLE_CONV
ADC1.EnableAnalogWatchDog=false
ADC1.EnableInjectedConversion=ENABLE
ADC1.EnableRegularConversion=ENABLE
ADC1.ExternalTrigConv=ADC_SOFTWARE_START
ADC1.ExternalTrigConvEdge=ADC_EXTERNALTRIGCONVEDGE_NONE
ADC1.ExternalTrigInjecConv=ADC_EXTERNALTRIGINJECCONV_T4_TRGO
ADC1.ExternalTrigInjecConvEdge=ADC_EXTERNALTRIGINJECCONVEDGE_RISING
ADC1.IPParameters=ClockPrescaler,Resolution,DataAlign,ContinuousConvMode,DiscontinuousConvMode,DMAContinuousRequests,EOCSelection,EnableAnalogWatchDog,EnableInjectedConversion,InjectedConvMode,ExternalTrigInjecConv,ExternalTrigInjecConvEdge,InjNumberOfConversion,InjectedRank-1\#ChannelInjectedConversion,Channel-1\#ChannelInjectedConversion,SamplingTime-1\#ChannelInjectedConversion,InjectedOffset-1\#ChannelInjectedConversion,InjectedRank-2\#ChannelInjectedConversion,Channel-2\#ChannelInjectedConversion,SamplingTime-2\#ChannelInjectedConversion,InjectedOffset-2\#ChannelInjectedConversion,EnableRegularConversion,ExternalTrigConv,ExternalTrigConvEdge,ScanConvMode,NbrOfConversion,NbrOfConversionFlag,Rank-1\#ChannelRegularConversion,Channel-1\#ChannelRegularConversion,SamplingTime-1\#ChannelRegularConversion,master
ADC1.InjNumberOfConversion=2
ADC1.InjectedConvMode=Discontinuous
ADC1.InjectedOffset-1\#ChannelInjectedConversion=0
ADC1.InjectedOffset-2\#ChannelInjectedConversion=0
ADC1.InjectedRank-1\#ChannelInjectedConversion=1
ADC1.InjectedRank-2\#ChannelInjectedConversion=2
ADC1.NbrOfConversion=1
ADC1.NbrOfConversionFlag=1
ADC1.Rank-1\#ChannelRegularConversion=1
ADC1.Resolution=ADC_RESOLUTION_12B
ADC1.SamplingTime-1\#ChannelInjectedConversion=ADC_SAMPLETIME_3CYCLES
ADC1.SamplingTime-1\#ChannelRegularConversion=ADC_SAMPLETIME_3CYCLES
ADC1.SamplingTime-2\#ChannelInjectedConversion=ADC_SAMPLETIME_3CYCLES
ADC1.ScanConvMode=ENABLE
ADC1.master=1
ADC2.Channel-0\#ChannelRegularConversion=ADC_CHANNEL_2
ADC2.Channel-1\#ChannelRegularConversion=ADC_CHANNEL_3
ADC2.IPParameters=Rank-0\#ChannelRegularConversion,Channel-0\#ChannelRegularConversion,SamplingTime-0\#ChannelRegularConversion,NbrOfConversionFlag,NbrOfConversion,Rank-1\#ChannelRegularConversion,Channel-1\#ChannelRegularConversion,SamplingTime-1\#ChannelRegularConversion
ADC2.NbrOfConversion=2
ADC2.NbrOfConversionFlag=1
ADC2.Rank-0\#ChannelRegularConversion=1
ADC2.Rank-1\#ChannelRegularConversion=2
ADC2.SamplingTime-0\#ChannelRegularConversion=ADC_SAMPLETIME_56CYCLES
ADC2.SamplingTime-1\#ChannelRegularConversion=ADC_SAMPLETIME_56CYCLES
ADC3.Channel-0\#ChannelRegularConversion=ADC_CHANNEL_1
ADC3.DataAlign=ADC_DATAALIGN_LEFT
ADC3.IPParameters=Rank-0\#ChannelRegularConversion,Channel-0\#ChannelRegularConversion,SamplingTime-0\#ChannelRegularConversion,NbrOfConversionFlag,DataAlign,ScanConvMode
ADC3.NbrOfConversionFlag=1
ADC3.Rank-0\#ChannelRegularConversion=1
ADC3.SamplingTime-0\#ChannelRegularConversion=ADC_SAMPLETIME_28CYCLES
ADC3.ScanConvMode=ENABLE
CAD.formats=
CAD.pinconfig=
CAD.provider=
CAN2.BS1=CAN_BS1_14TQ
CAN2.BS2=CAN_BS2_5TQ
CAN2.CalculateBaudRate=250000
CAN2.CalculateTimeBit=4000
CAN2.CalculateTimeQuantum=200.0
CAN2.IPParameters=CalculateTimeQuantum,CalculateTimeBit,CalculateBaudRate,Prescaler,BS1,BS2,NART
CAN2.NART=ENABLE
CAN2.Prescaler=9
Dma.Request0=TIM1_CH4/TRIG/COM
Dma.Request1=TIM1_UP
Dma.RequestsNb=2
Dma.TIM1_CH4/TRIG/COM.0.Direction=DMA_MEMORY_TO_PERIPH
Dma.TIM1_CH4/TRIG/COM.0.FIFOMode=DMA_FIFOMODE_DISABLE
Dma.TIM1_CH4/TRIG/COM.0.Instance=DMA2_Stream4
Dma.TIM1_CH4/TRIG/COM.0.MemDataAlignment=DMA_MDATAALIGN_HALFWORD
Dma.TIM1_CH4/TRIG/COM.0.MemInc=DMA_MINC_ENABLE
Dma.TIM1_CH4/TRIG/COM.0.Mode=DMA_CIRCULAR
Dma.TIM1_CH4/TRIG/COM.0.PeriphDataAlignment=DMA_PDATAALIGN_HALFWORD
Dma.TIM1_CH4/TRIG/COM.0.PeriphInc=DMA_PINC_DISABLE
Dma.TIM1_CH4/TRIG/COM.0.Priority=DMA_PRIORITY_HIGH
Dma.TIM1_CH4/TRIG/COM.0.RequestParameters=Instance,Direction,PeriphInc,MemInc,PeriphDataAlignment,MemDataAlignment,Mode,Priority,FIFOMode
Dma.TIM1_UP.1.Direction=DMA_MEMORY_TO_PERIPH
Dma.TIM1_UP.1.FIFOMode=DMA_FIFOMODE_DISABLE
Dma.TIM1_UP.1.Instance=DMA2_Stream5
Dma.TIM1_UP.1.MemDataAlignment=DMA_MDATAALIGN_HALFWORD
Dma.TIM1_UP.1.MemInc=DMA_MINC_ENABLE
Dma.TIM1_UP.1.Mode=DMA_CIRCULAR
Dma.TIM1_UP.1.PeriphDataAlignment=DMA_PDATAALIGN_HALFWORD
Dma.TIM1_UP.1.PeriphInc=DMA_PINC_DISABLE
Dma.TIM1_UP.1.Priority=DMA_PRIORITY_HIGH
Dma.TIM1_UP.1.RequestParameters=Instance,Direction,PeriphInc,MemInc,PeriphDataAlignment,MemDataAlignment,Mode,Priority,FIFOMode
ExtraMW=MotorControl
ExtraMW.MotorControl.Config=MotorControl
ExtraMW.MotorControl.Mode=MotorControl
ExtraMW.MotorControl.Root=MCSDK_v6.3.2-Full/MotorControl
ExtraMW.MotorControl.Template=templates
File.Version=6
GPIO.groupedBy=Group By Peripherals
KeepUserPlacement=false
Mcu.CPN=STM32F446RET6
Mcu.Family=STM32F4
Mcu.IP0=ADC1
Mcu.IP1=ADC2
Mcu.IP10=TIM1
Mcu.IP11=TIM2
Mcu.IP12=TIM6
Mcu.IP13=TIM11
Mcu.IP14=TIM14
Mcu.IP2=ADC3
Mcu.IP3=CAN2
Mcu.IP4=DMA
Mcu.IP5=MotorControl
Mcu.IP6=NVIC
Mcu.IP7=RCC
Mcu.IP8=SPI2
Mcu.IP9=SYS
Mcu.IPNb=15
Mcu.Name=STM32F446R(C-E)Tx
Mcu.Package=LQFP64
Mcu.Pin0=PC14-OSC32_IN
Mcu.Pin1=PC15-OSC32_OUT
Mcu.Pin10=PB12
Mcu.Pin11=PB13
Mcu.Pin12=PB14
Mcu.Pin13=PB15
Mcu.Pin14=PC6
Mcu.Pin15=PC7
Mcu.Pin16=PA8
Mcu.Pin17=PA9
Mcu.Pin18=PA10
Mcu.Pin19=PA13
Mcu.Pin2=PH0-OSC_IN
Mcu.Pin20=PA14
Mcu.Pin21=PC10
Mcu.Pin22=PC11
Mcu.Pin23=PC12
Mcu.Pin24=PB8
Mcu.Pin25=PB9
Mcu.Pin26=VP_SYS_VS_Systick
Mcu.Pin27=VP_TIM1_VS_no_output4
Mcu.Pin28=VP_TIM2_VS_ClockSourceINT
Mcu.Pin29=VP_TIM6_VS_ClockSourceINT
Mcu.Pin3=PH1-OSC_OUT
Mcu.Pin30=VP_TIM11_VS_ClockSourceINT
Mcu.Pin31=VP_TIM14_VS_ClockSourceINT
Mcu.Pin32=VP_MotorControl_MC_ENABLED
Mcu.Pin4=PC1
Mcu.Pin5=PA1
Mcu.Pin6=PA2
Mcu.Pin7=PA3
Mcu.Pin8=PA4
Mcu.Pin9=PB10
Mcu.PinsNb=33
Mcu.ThirdPartyNb=0
Mcu.UserConstants=
Mcu.UserName=STM32F446RETx
MotorControl.ADC_AHBPERIPH=RCC_AHBPeriph_ADC1
MotorControl.ADC_CLOCK_WB_DIV=1
MotorControl.ADC_PERIPH=ADC1
MotorControl.ADC_REFERENCE_VOLTAGE=3.3
MotorControl.BOARD=NUCLEO-F446RE
MotorControl.BUS_VOLTAGE_READING=false
MotorControl.CCMRAM_ENABLED=false
MotorControl.CLOCK_FREQUENCY=CPU_CLK_180_MHZ
MotorControl.CLOCK_SOURCE=EXTERNAL
MotorControl.CPU_CLK_180_MHZ=true
MotorControl.CTLBOARD_NAME=NUCLEO-F446RE
MotorControl.CUBE_MX_VER=6.14.0
MotorControl.CURRENT_READING_TOPOLOGY=SINGLE_SHUNT
MotorControl.CURR_SAMPLING_TIME=3
MotorControl.DBG_MCU_LOAD_MEASURE=false
MotorControl.DEBUG_DAC_FUNCTIONALITY_EN=false
MotorControl.DRIVES_NUMBER_SELECTION=SINGLEDRIVE
MotorControl.DRIVE_NUMBER=1
MotorControl.DRIVE_TYPE=FOC
MotorControl.ENCODER_AVAILABLE=false
MotorControl.ENCODER_PPR=400
MotorControl.EXT_CLK_8_MHZ=true
MotorControl.EXT_CLOCK_FREQUENCY=EXT_CLK_8_MHZ
MotorControl.FEEDBACK_NET_FILTERING=false
MotorControl.FLASH_SIZE=512
MotorControl.H1_GPIO_PIN=LL_GPIO_PIN_15
MotorControl.H1_GPIO_PORT=GPIOA
MotorControl.H2_GPIO_PIN=LL_GPIO_PIN_3
MotorControl.H2_GPIO_PORT=GPIOB
MotorControl.H3_GPIO_PIN=LL_GPIO_PIN_10
MotorControl.H3_GPIO_PORT=GPIOB
MotorControl.HALL_ICx_FILTER=126
MotorControl.HALL_SENSORS=true
MotorControl.HALL_SENSORS_AVAILABLE=true
MotorControl.HALL_TIMER_SELECTION=HALL_TIM2
MotorControl.HIGH_SIDE_IDLE_STATE=false
MotorControl.HWV_CS=SingleShunt_AmplifiedCurrents
MotorControl.HWV_PWM=DrivingHighSidesAndThreeEnables
MotorControl.HW_COMPLEMENTED_LOW_SIDE=true
MotorControl.HW_DEAD_TIME_NS=1000
MotorControl.IPParameters=ADC_AHBPERIPH,ADC_CLOCK_WB_DIV,ADC_PERIPH,ADC_REFERENCE_VOLTAGE,BOARD,BUS_VOLTAGE_READING,CCMRAM_ENABLED,CLOCK_FREQUENCY,CLOCK_SOURCE,CPU_CLK_180_MHZ,CTLBOARD_NAME,CUBE_MX_VER,CURR_SAMPLING_TIME,CURRENT_READING_TOPOLOGY,DBG_MCU_LOAD_MEASURE,DEBUG_DAC_FUNCTIONALITY_EN,DRIVE_NUMBER,DRIVE_TYPE,DRIVES_NUMBER_SELECTION,ENCODER_AVAILABLE,ENCODER_PPR,EXT_CLK_8_MHZ,EXT_CLOCK_FREQUENCY,FEEDBACK_NET_FILTERING,FLASH_SIZE,H1_GPIO_PIN,H1_GPIO_PORT,H2_GPIO_PIN,H2_GPIO_PORT,H3_GPIO_PIN,H3_GPIO_PORT,HALL_ICx_FILTER,HALL_SENSORS,HALL_SENSORS_AVAILABLE,HALL_TIMER_SELECTION,HIGH_SIDE_IDLE_STATE,HW_COMPLEMENTED_LOW_SIDE,HW_DEAD_TIME_NS,HWV_CS,HWV_PWM,IPs,LOW_MEMORY_FOOTPRINT_REG,LOW_SIDE_IDLE_STATE,LOW_SIDE_SIGNALS_ENABLING,M1_AMPLIFICATION_GAIN,M1_ANGC,M1_AUXILIARY_SPEED_SENSOR,M1_BOARD_MAX_CURRENT,M1_BUS_VOLTAGE_READING,M1_COMMUTATION_STEP_TIME_BUF_SIZE,M1_CONSTANT1_D,M1_CONSTANT1_Q,M1_CONSTANT2_QD,M1_CS_ADC_NUM,M1_CS_ADC_PHASE_SHARED,M1_CS_ADC_U,M1_CS_CHANNEL_U,M1_CURR_SAMPLING_TIME,M1_CURRENT_AMPLIFICATION_TOPO,M1_CURRENT_SENSING_TOPO,M1_DBG_OPEN_LOOP_ENABLE,M1_DC_CURRENT_RS_MEAS,M1_DEFAULT_CONTROL_MODE,M1_DEFAULT_FLUX_COMPONENT,M1_DEFAULT_TARGET_SPEED_RPM,M1_DEFAULT_TORQUE_COMPONENT,M1_DISCONTINUOUS_PWM,M1_DP_TOPOLOGY,M1_DRIVE_TYPE,M1_ENCODER_PPR,M1_FEED_FORWARD_CURRENT_REG_ENABLING,M1_FLUX_WEAKENING_ENABLING,M1_FW_KI_GAIN,M1_FW_KIDIV,M1_FW_KP_GAIN,M1_FW_KPDIV,M1_FW_VOLTAGE_REF,M1_HALL_AVERAGING_FIFO_DEPTH,M1_HALL_ICx_FILTER,M1_HALL_MTPA,M1_HALL_PHASE_SHIFT,M1_HALL_SENSORS_PLACEMENT,M1_HALL_TIMER_IRQ,M1_HALL_TIMER_SELECTION,M1_HIGH_SIDE_IDLE_STATE,M1_HW_DEAD_TIME_NS,M1_ICL_ENABLED,M1_ID_DEMAG,M1_IQMAX,M1_LDLQ_RATIO,M1_LOW_SIDE_IDLE_STATE,M1_LOW_SIDE_SIGNALS_ENABLING,M1_LS,M1_MAX_APPLICATION_SPEED,M1_MAX_MODULATION_INDEX,M1_MIN_APPLICATION_SPEED,M1_MOTOR_MAX_SPEED_RPM,M1_MOTOR_NAME,M1_MOTOR_RATED_FLUX,M1_MOTOR_VOLTAGE_CONSTANT,M1_MTPA_ENABLING,M1_NOMINAL_BUS_VOLTAGE_V,M1_NOMINAL_CURRENT,M1_OCP_TOPOLOGY,M1_OFST,M1_OVERMODULATION,M1_PID_FLUX_KD_DEFAULT,M1_PID_FLUX_KI_DEFAULT,M1_PID_FLUX_KP_DEFAULT,M1_PID_SPEED_KD_DEFAULT,M1_PID_SPEED_KI_DEFAULT,M1_PID_SPEED_KP_DEFAULT,M1_PID_TORQUE_KD_DEFAULT,M1_PID_TORQUE_KI_DEFAULT,M1_PID_TORQUE_KP_DEFAULT,M1_POLE_PAIR_NUM,M1_POSITION_CTRL_ENABLING,M1_POTENTIOMETER_ENABLE,M1_POWERBOARD_NAME,M1_PWM_CHARGE_BOOT_CAP_DUTY_CYCLES,M1_PWM_CHARGE_BOOT_CAP_MS,M1_PWM_DRIVER_PN,M1_PWM_FREQUENCY,M1_PWM_TIMER_BRK_IRQ,M1_PWM_TIMER_SELECTION,M1_PWM_TIMER_UP_IRQ,M1_REGULATION_EXECUTION_RATE,M1_RS,M1_RSHUNT,M1_SEGDIV,M1_SHARED_SIGNAL_ENABLE,M1_SP_KDDIV,M1_SP_KIDIV,M1_SP_KPDIV,M1_SPD_DIFFERENTIAL_TERM_ENABLING,M1_SPEED_LOOP_FREQUENCY_HZ,M1_SPEED_SENSOR,M1_SS_MEAS_ERRORS_BEFORE_FAULTS,M1_SW_DEADTIME_NS,M1_TEMPERATURE_READING,M1_TF_KDDIV,M1_TF_KIDIV,M1_TF_KPDIV,M1_TNOISE_NS,M1_TRISE_NS,M1_USE_INTERNAL_OPAMP,MAX_READABLE_CURRENT,MC_WORKBENCH_VERSION,MCP_EN,MCU,MCU_FAMILY,MCU_LINE,MCU_NAME,MCU_PACKAGE,MCU_TYPE,MCU_USERNAME,MOTOR_PROFILER,MOTOR_TYPE,PHASE_CURRENTS_ADC,PHASE_CURRENTS_CHANNEL,PHASE_CURRENTS_GPIO_PIN,PHASE_CURRENTS_GPIO_PORT,PHASE_U_PWM_CHANNEL,PHASE_UH_GPIO_PIN,PHASE_UH_GPIO_PORT,PHASE_UH_POLARITY,PHASE_UL_GPIO_PIN,PHASE_UL_GPIO_PORT,PHASE_UL_POLARITY,PHASE_V_PWM_CHANNEL,PHASE_VH_GPIO_PIN,PHASE_VH_GPIO_PORT,PHASE_VH_POLARITY,PHASE_VL_GPIO_PIN,PHASE_VL_GPIO_PORT,PHASE_VL_POLARITY,PHASE_W_PWM_CHANNEL,PHASE_WH_GPIO_PIN,PHASE_WH_GPIO_PORT,PHASE_WH_POLARITY,PHASE_WL_GPIO_PIN,PHASE_WL_GPIO_PORT,PHASE_WL_POLARITY,POTENTIOMETER_READING,PWM_FREQUENCY,PWM_TIMER_SELECTION,REGULATION_EXECUTION_RATE,RTOS,SINGLE_SHUNT,SINGLEDRIVE,SPD_DIFFERENTIAL_TERM_ENABLING,SPEED_SENSOR_SELECTION,START_STOP_BTN,STM32F446RE,SW_DEADTIME_NS,TEMPERATURE_READING,TFDIFFERENTIAL_TERM_ENABLING,TRISE_NS,USE_3OPAMPS,USE_INTERNAL_OPAMP,WB_to_Mx_template_version,WB_to_Mx_version,WB_UI_CUTOFF_FREQUENCY,WB_UI_ENCODER_HAS_INDEX_PIN,WB_UI_FLUX_TARGET,WB_UI_FRICTION,WB_UI_INERTIA,WB_UI_MAGNETIC_STRUCTURE,WB_UI_MAX_CURRENT,WB_UI_MAX_NOMINAL_DC_VOLTAGE,WB_UI_MAX_PWMFREQUENCY,WB_UI_MOTOR_DESCRIPTION,WB_UI_PW_BOARD_MAX_RATED_CURRENT,WB_UI_PW_BOARD_MAX_VOLTAGE,WB_UI_PW_BOARD_MIN_VOLTAGE,WB_UI_VPOL
MotorControl.IPs=NVIC,RCC,SYS,MotorControl,ADC1,TIM1,TIM2,DMA
MotorControl.LOW_MEMORY_FOOTPRINT_REG=false
MotorControl.LOW_SIDE_IDLE_STATE=false
MotorControl.LOW_SIDE_SIGNALS_ENABLING=ES_GPIO
MotorControl.M1_AMPLIFICATION_GAIN=1.53
MotorControl.M1_ANGC={0,0,0,0,0,0,0,0}
MotorControl.M1_AUXILIARY_SPEED_SENSOR=NONE
MotorControl.M1_BOARD_MAX_CURRENT=1.4
MotorControl.M1_BUS_VOLTAGE_READING=false
MotorControl.M1_COMMUTATION_STEP_TIME_BUF_SIZE=12
MotorControl.M1_CONSTANT1_D=13418
MotorControl.M1_CONSTANT1_Q=13418
MotorControl.M1_CONSTANT2_QD=28405
MotorControl.M1_CS_ADC_NUM=1
MotorControl.M1_CS_ADC_PHASE_SHARED=NONE
MotorControl.M1_CS_ADC_U=ADC1
MotorControl.M1_CS_CHANNEL_U=11
MotorControl.M1_CURRENT_AMPLIFICATION_TOPO=EXTERNAL
MotorControl.M1_CURRENT_SENSING_TOPO=SINGLE_SHUNT_PHASE_SHIFT
MotorControl.M1_CURR_SAMPLING_TIME=3
MotorControl.M1_DBG_OPEN_LOOP_ENABLE=false
MotorControl.M1_DC_CURRENT_RS_MEAS=1.4
MotorControl.M1_DEFAULT_CONTROL_MODE=STC_SPEED_MODE
MotorControl.M1_DEFAULT_FLUX_COMPONENT=0
MotorControl.M1_DEFAULT_TARGET_SPEED_RPM=1440
MotorControl.M1_DEFAULT_TORQUE_COMPONENT=0.85
MotorControl.M1_DISCONTINUOUS_PWM=false
MotorControl.M1_DP_TOPOLOGY=NONE
MotorControl.M1_DRIVE_TYPE=FOC
MotorControl.M1_ENCODER_PPR=400
MotorControl.M1_FEED_FORWARD_CURRENT_REG_ENABLING=false
MotorControl.M1_FLUX_WEAKENING_ENABLING=false
MotorControl.M1_FW_KIDIV=32768
MotorControl.M1_FW_KI_GAIN=5000
MotorControl.M1_FW_KPDIV=32768
MotorControl.M1_FW_KP_GAIN=3000
MotorControl.M1_FW_VOLTAGE_REF=985
MotorControl.M1_HALL_AVERAGING_FIFO_DEPTH=16
MotorControl.M1_HALL_ICx_FILTER=126
MotorControl.M1_HALL_MTPA=false
MotorControl.M1_HALL_PHASE_SHIFT=120
MotorControl.M1_HALL_SENSORS_PLACEMENT=DEGREES_120
MotorControl.M1_HALL_TIMER_IRQ=TIM2
MotorControl.M1_HALL_TIMER_SELECTION=HALL_TIM2
MotorControl.M1_HIGH_SIDE_IDLE_STATE=false
MotorControl.M1_HW_DEAD_TIME_NS=1000
MotorControl.M1_ICL_ENABLED=false
MotorControl.M1_ID_DEMAG=-1.4
MotorControl.M1_IQMAX=1.4
MotorControl.M1_LDLQ_RATIO=1.000
MotorControl.M1_LOW_SIDE_IDLE_STATE=false
MotorControl.M1_LOW_SIDE_SIGNALS_ENABLING=ES_GPIO
MotorControl.M1_LS=0.000126
MotorControl.M1_MAX_APPLICATION_SPEED=6200
MotorControl.M1_MAX_MODULATION_INDEX=94
MotorControl.M1_MIN_APPLICATION_SPEED=0
MotorControl.M1_MOTOR_MAX_SPEED_RPM=6200
MotorControl.M1_MOTOR_NAME=Shinano LA052-080E3NL1
MotorControl.M1_MOTOR_RATED_FLUX=0.043870361
MotorControl.M1_MOTOR_VOLTAGE_CONSTANT=1.8
MotorControl.M1_MTPA_ENABLING=false
MotorControl.M1_NOMINAL_BUS_VOLTAGE_V=24
MotorControl.M1_NOMINAL_CURRENT=1.4
MotorControl.M1_OCP_TOPOLOGY=NONE
MotorControl.M1_OFST={0,0,0,0,0,0,0,0}
MotorControl.M1_OVERMODULATION=false
MotorControl.M1_PID_FLUX_KD_DEFAULT=100
MotorControl.M1_PID_FLUX_KI_DEFAULT=175
MotorControl.M1_PID_FLUX_KP_DEFAULT=2500
MotorControl.M1_PID_SPEED_KD_DEFAULT=0
MotorControl.M1_PID_SPEED_KI_DEFAULT=100
MotorControl.M1_PID_SPEED_KP_DEFAULT=50
MotorControl.M1_PID_TORQUE_KD_DEFAULT=100
MotorControl.M1_PID_TORQUE_KI_DEFAULT=175
MotorControl.M1_PID_TORQUE_KP_DEFAULT=2500
MotorControl.M1_POLE_PAIR_NUM=2
MotorControl.M1_POSITION_CTRL_ENABLING=false
MotorControl.M1_POTENTIOMETER_ENABLE=false
MotorControl.M1_POWERBOARD_NAME=X-NUCLEO-IHM07M1
MotorControl.M1_PWM_CHARGE_BOOT_CAP_DUTY_CYCLES=0.000
MotorControl.M1_PWM_CHARGE_BOOT_CAP_MS=10
MotorControl.M1_PWM_DRIVER_PN=L6230
MotorControl.M1_PWM_FREQUENCY=20000
MotorControl.M1_PWM_TIMER_BRK_IRQ=TIM1_BRK_TIM9
MotorControl.M1_PWM_TIMER_SELECTION=PWM_TIM1
MotorControl.M1_PWM_TIMER_UP_IRQ=TIM1_UP_TIM10
MotorControl.M1_REGULATION_EXECUTION_RATE=1
MotorControl.M1_RS=3.02
MotorControl.M1_RSHUNT=0.33
MotorControl.M1_SEGDIV=0
MotorControl.M1_SHARED_SIGNAL_ENABLE=false
MotorControl.M1_SPD_DIFFERENTIAL_TERM_ENABLING=false
MotorControl.M1_SPEED_LOOP_FREQUENCY_HZ=1000
MotorControl.M1_SPEED_SENSOR=HALL_SENSOR
MotorControl.M1_SP_KDDIV=16
MotorControl.M1_SP_KIDIV=1024
MotorControl.M1_SP_KPDIV=4
MotorControl.M1_SS_MEAS_ERRORS_BEFORE_FAULTS=3
MotorControl.M1_SW_DEADTIME_NS=1000
MotorControl.M1_TEMPERATURE_READING=false
MotorControl.M1_TF_KDDIV=8192
MotorControl.M1_TF_KIDIV=4096
MotorControl.M1_TF_KPDIV=16384
MotorControl.M1_TNOISE_NS=700
MotorControl.M1_TRISE_NS=1800
MotorControl.M1_USE_INTERNAL_OPAMP=false
MotorControl.MAX_READABLE_CURRENT=3.272
MotorControl.MCP_EN=false
MotorControl.MCU=STM32F446RE
MotorControl.MCU_FAMILY=STM32F4
MotorControl.MCU_LINE=STM32F446
MotorControl.MCU_NAME=STM32F446R(C-E)Tx
MotorControl.MCU_PACKAGE=LQFP64
MotorControl.MCU_TYPE=STM32F446RE
MotorControl.MCU_USERNAME=STM32F446RETx
MotorControl.MC_WORKBENCH_VERSION=6.3.2
MotorControl.MOTOR_PROFILER=false
MotorControl.MOTOR_TYPE=PMSM
MotorControl.PHASE_CURRENTS_ADC=ADC1
MotorControl.PHASE_CURRENTS_CHANNEL=ADC_CHANNEL_11
MotorControl.PHASE_CURRENTS_GPIO_PIN=LL_GPIO_PIN_1
MotorControl.PHASE_CURRENTS_GPIO_PORT=GPIOC
MotorControl.PHASE_UH_GPIO_PIN=LL_GPIO_PIN_8
MotorControl.PHASE_UH_GPIO_PORT=GPIOA
MotorControl.PHASE_UH_POLARITY=H_ACTIVE_HIGH
MotorControl.PHASE_UL_GPIO_PIN=LL_GPIO_PIN_10
MotorControl.PHASE_UL_GPIO_PORT=GPIOC
MotorControl.PHASE_UL_POLARITY=L_ACTIVE_HIGH
MotorControl.PHASE_U_PWM_CHANNEL=TIM_Channel_1
MotorControl.PHASE_VH_GPIO_PIN=LL_GPIO_PIN_9
MotorControl.PHASE_VH_GPIO_PORT=GPIOA
MotorControl.PHASE_VH_POLARITY=H_ACTIVE_HIGH
MotorControl.PHASE_VL_GPIO_PIN=LL_GPIO_PIN_11
MotorControl.PHASE_VL_GPIO_PORT=GPIOC
MotorControl.PHASE_VL_POLARITY=L_ACTIVE_HIGH
MotorControl.PHASE_V_PWM_CHANNEL=TIM_Channel_2
MotorControl.PHASE_WH_GPIO_PIN=LL_GPIO_PIN_10
MotorControl.PHASE_WH_GPIO_PORT=GPIOA
MotorControl.PHASE_WH_POLARITY=H_ACTIVE_HIGH
MotorControl.PHASE_WL_GPIO_PIN=LL_GPIO_PIN_12
MotorControl.PHASE_WL_GPIO_PORT=GPIOC
MotorControl.PHASE_WL_POLARITY=L_ACTIVE_HIGH
MotorControl.PHASE_W_PWM_CHANNEL=TIM_Channel_3
MotorControl.POTENTIOMETER_READING=false
MotorControl.PWM_FREQUENCY=20000
MotorControl.PWM_TIMER_SELECTION=PWM_TIM1
MotorControl.REGULATION_EXECUTION_RATE=1
MotorControl.RTOS=NONE
MotorControl.SINGLEDRIVE=true
MotorControl.SINGLE_SHUNT=true
MotorControl.SPD_DIFFERENTIAL_TERM_ENABLING=false
MotorControl.SPEED_SENSOR_SELECTION=HALL_SENSORS
MotorControl.START_STOP_BTN=false
MotorControl.STM32F446RE=true
MotorControl.SW_DEADTIME_NS=1000
MotorControl.TEMPERATURE_READING=false
MotorControl.TFDIFFERENTIAL_TERM_ENABLING=false
MotorControl.TRISE_NS=1800
MotorControl.USE_3OPAMPS=false
MotorControl.USE_INTERNAL_OPAMP=false
MotorControl.WB_UI_CUTOFF_FREQUENCY=6000
MotorControl.WB_UI_ENCODER_HAS_INDEX_PIN=false
MotorControl.WB_UI_FLUX_TARGET=0
MotorControl.WB_UI_FRICTION=8
MotorControl.WB_UI_INERTIA=10
MotorControl.WB_UI_MAGNETIC_STRUCTURE=SM-PMSM
MotorControl.WB_UI_MAX_CURRENT=1.4
MotorControl.WB_UI_MAX_NOMINAL_DC_VOLTAGE=24
MotorControl.WB_UI_MAX_PWMFREQUENCY=100000
MotorControl.WB_UI_MOTOR_DESCRIPTION=Inner rotor type - 2 poles pairs - brushless DC motor with encoder
MotorControl.WB_UI_PW_BOARD_MAX_RATED_CURRENT=2.8
MotorControl.WB_UI_PW_BOARD_MAX_VOLTAGE=48
MotorControl.WB_UI_PW_BOARD_MIN_VOLTAGE=8
MotorControl.WB_UI_VPOL=1.559
MotorControl.WB_to_Mx_template_version=24-04-17
MotorControl.WB_to_Mx_version=6.2.3
MxCube.Version=6.14.0
MxDb.Version=DB.6.0.140
NVIC.ADC_IRQn=true\:2\:0\:true\:true\:false\:3\:false\:true\:true
NVIC.BusFault_IRQn=true\:0\:0\:false\:false\:false\:false\:false\:false
NVIC.CAN2_RX0_IRQn=true\:0\:0\:false\:true\:true\:7\:true\:true\:true
NVIC.DMA2_Stream4_IRQn=true\:0\:0\:true\:true\:false\:1\:true\:true\:true
NVIC.DMA2_Stream5_IRQn=true\:0\:0\:true\:true\:false\:2\:true\:true\:true
NVIC.DebugMonitor_IRQn=true\:0\:0\:false\:false\:false\:false\:false\:false
NVIC.ForceEnableDMAVector=true
NVIC.HardFault_IRQn=true\:0\:0\:false\:false\:false\:false\:false\:false
NVIC.MemoryManagement_IRQn=true\:0\:0\:false\:false\:false\:false\:false\:false
NVIC.NonMaskableInt_IRQn=true\:0\:0\:false\:false\:false\:false\:false\:false
NVIC.PendSV_IRQn=true\:0\:0\:false\:false\:false\:false\:false\:false
NVIC.PriorityGroup=NVIC_PRIORITYGROUP_3
NVIC.SPI2_IRQn=true\:0\:0\:false\:false\:true\:true\:true\:true
NVIC.SVCall_IRQn=true\:0\:0\:false\:false\:false\:false\:false\:false
NVIC.SysTick_IRQn=true\:4\:0\:true\:false\:false\:false\:true\:false
NVIC.TIM1_BRK_TIM9_IRQn=true\:4\:1\:false\:true\:false\:5\:true\:true\:true
NVIC.TIM1_UP_TIM10_IRQn=true\:0\:0\:false\:true\:false\:4\:true\:true\:true
NVIC.TIM2_IRQn=true\:3\:0\:false\:true\:false\:6\:true\:true\:true
NVIC.TIM6_DAC_IRQn=true\:0\:0\:false\:false\:true\:true\:true\:true
NVIC.TIM8_TRG_COM_TIM14_IRQn=true\:0\:0\:false\:false\:true\:true\:true\:true
NVIC.UsageFault_IRQn=true\:0\:0\:false\:false\:false\:false\:false\:false
PA1.Signal=ADCx_IN1
PA10.GPIOParameters=GPIO_Speed,GPIO_PuPd,GPIO_Label
PA10.GPIO_Label=M1_PWM_WH
PA10.GPIO_PuPd=GPIO_PULLDOWN
PA10.GPIO_Speed=GPIO_SPEED_FREQ_HIGH
PA10.Locked=true
PA10.Signal=S_TIM1_CH3
PA13.Mode=Serial_Wire
PA13.Signal=SYS_JTMS-SWDIO
PA14.Mode=Serial_Wire
PA14.Signal=SYS_JTCK-SWCLK
PA2.Locked=true
PA2.Signal=ADCx_IN2
PA3.Locked=true
PA3.Signal=ADCx_IN3
PA4.GPIOParameters=GPIO_PuPd,GPIO_ModeDefaultOutputPP
PA4.GPIO_ModeDefaultOutputPP=GPIO_MODE_OUTPUT_OD
PA4.GPIO_PuPd=GPIO_NOPULL
PA4.Locked=true
PA4.Signal=GPIO_Output
PA8.GPIOParameters=GPIO_Speed,GPIO_PuPd,GPIO_Label
PA8.GPIO_Label=M1_PWM_UH
PA8.GPIO_PuPd=GPIO_PULLDOWN
PA8.GPIO_Speed=GPIO_SPEED_FREQ_HIGH
PA8.Locked=true
PA8.Signal=S_TIM1_CH1
PA9.GPIOParameters=GPIO_Speed,GPIO_PuPd,GPIO_Label
PA9.GPIO_Label=M1_PWM_VH
PA9.GPIO_PuPd=GPIO_PULLDOWN
PA9.GPIO_Speed=GPIO_SPEED_FREQ_HIGH
PA9.Locked=true
PA9.Signal=S_TIM1_CH2
PB10.GPIOParameters=GPIO_Speed,GPIO_Label
PB10.GPIO_Label=M1_HALL_H3
PB10.GPIO_Speed=GPIO_SPEED_FREQ_HIGH
PB10.Locked=true
PB10.Signal=S_TIM2_CH3
PB12.Mode=CAN_Activate
PB12.Signal=CAN2_RX
PB13.Mode=CAN_Activate
PB13.Signal=CAN2_TX
PB14.Locked=true
PB14.Mode=Full_Duplex_Master
PB14.Signal=SPI2_MISO
PB15.Locked=true
PB15.Mode=Full_Duplex_Master
PB15.Signal=SPI2_MOSI
PB8.GPIOParameters=GPIO_Speed,GPIO_Label
PB8.GPIO_Label=M1_HALL_H1
PB8.GPIO_Speed=GPIO_SPEED_FREQ_HIGH
PB8.Locked=true
PB8.Signal=S_TIM2_CH1_ETR
PB9.GPIOParameters=GPIO_Speed,GPIO_Label
PB9.GPIO_Label=M1_HALL_H2
PB9.GPIO_Speed=GPIO_SPEED_FREQ_HIGH
PB9.Locked=true
PB9.Signal=S_TIM2_CH2
PC1.GPIOParameters=GPIO_Label
PC1.GPIO_Label=M1_CURR_AMPL
PC1.Locked=true
PC1.Signal=SharedAnalog_PC1
PC10.GPIOParameters=GPIO_Speed,GPIO_PuPd,GPIO_Label
PC10.GPIO_Label=M1_PWM_EN_U
PC10.GPIO_PuPd=GPIO_PULLDOWN
PC10.GPIO_Speed=GPIO_SPEED_FREQ_HIGH
PC10.Locked=true
PC10.Signal=GPIO_Output
PC11.GPIOParameters=GPIO_Speed,GPIO_PuPd,GPIO_Label
PC11.GPIO_Label=M1_PWM_EN_V
PC11.GPIO_PuPd=GPIO_PULLDOWN
PC11.GPIO_Speed=GPIO_SPEED_FREQ_HIGH
PC11.Locked=true
PC11.Signal=GPIO_Output
PC12.GPIOParameters=GPIO_Speed,GPIO_PuPd,GPIO_Label
PC12.GPIO_Label=M1_PWM_EN_W
PC12.GPIO_PuPd=GPIO_PULLDOWN
PC12.GPIO_Speed=GPIO_SPEED_FREQ_HIGH
PC12.Locked=true
PC12.Signal=GPIO_Output
PC14-OSC32_IN.Mode=LSE-External-Oscillator
PC14-OSC32_IN.Signal=RCC_OSC32_IN
PC15-OSC32_OUT.Mode=LSE-External-Oscillator
PC15-OSC32_OUT.Signal=RCC_OSC32_OUT
PC6.Locked=true
PC6.Signal=GPIO_Output
PC7.Mode=Full_Duplex_Master
PC7.Signal=SPI2_SCK
PH0-OSC_IN.Locked=true
PH0-OSC_IN.Mode=HSE-External-Oscillator
PH0-OSC_IN.Signal=RCC_OSC_IN
PH1-OSC_OUT.Locked=true
PH1-OSC_OUT.Mode=HSE-External-Oscillator
PH1-OSC_OUT.Signal=RCC_OSC_OUT
PinOutPanel.RotationAngle=0
ProjectManager.AskForMigrate=true
ProjectManager.BackupPrevious=false
ProjectManager.CompilerLinker=GCC
ProjectManager.CompilerOptimize=5
ProjectManager.ComputerToolchain=false
ProjectManager.CoupleFile=false
ProjectManager.CustomerFirmwarePackage=
ProjectManager.DefaultFWLocation=true
ProjectManager.DeletePrevious=true
ProjectManager.DeviceId=STM32F446RETx
ProjectManager.FirmwarePackage=STM32Cube FW_F4 V1.28.1
ProjectManager.FreePins=false
ProjectManager.HalAssertFull=false
ProjectManager.HeapSize=0x200
ProjectManager.KeepUserCode=true
ProjectManager.LastFirmware=true
ProjectManager.LibraryCopy=0
ProjectManager.MainLocation=Src
ProjectManager.NoMain=false
ProjectManager.PreviousToolchain=
ProjectManager.ProjectBuild=false
ProjectManager.ProjectFileName=test_s_120_pi_1s_1pwm_3adcclk_3board.ioc
ProjectManager.ProjectName=test_s_120_pi_1s_1pwm_3adcclk_3board
ProjectManager.ProjectStructure=
ProjectManager.RegisterCallBack=
ProjectManager.StackSize=0x400
ProjectManager.TargetToolchain=STM32CubeIDE
ProjectManager.ToolChainLocation=
ProjectManager.UAScriptAfterPath=
ProjectManager.UAScriptBeforePath=
ProjectManager.UnderRoot=false
ProjectManager.functionlistsort=1-SystemClock_Config-RCC-false-HAL-false,2-MX_GPIO_Init-GPIO-false-HAL-true,3-MX_DMA_Init-DMA-false-HAL-true,4-MX_ADC1_Init-ADC1-false-HAL-true,5-MX_TIM1_Init-TIM1-false-HAL-true,6-MX_TIM2_Init-TIM2-false-HAL-true,7-MX_MotorControl_Init-MotorControl-false-HAL-false,8-MX_CAN2_Init-CAN2-false-HAL-true,9-MX_SPI2_Init-SPI2-false-HAL-true,10-MX_TIM6_Init-TIM6-false-HAL-true,11-MX_TIM11_Init-TIM11-false-HAL-true,12-MX_TIM14_Init-TIM14-false-HAL-true,13-MX_ADC3_Init-ADC3-false-HAL-true
ProjectManager.iocOrigin=MotorControl
RCC.AHBFreq_Value=180000000
RCC.APB1CLKDivider=RCC_HCLK_DIV4
RCC.APB1Freq_Value=45000000
RCC.APB1TimFreq_Value=90000000
RCC.APB2CLKDivider=RCC_HCLK_DIV2
RCC.APB2Freq_Value=90000000
RCC.APB2TimFreq_Value=180000000
RCC.CECFreq_Value=32786.88524590164
RCC.CortexFreq_Value=180000000
RCC.FCLKCortexFreq_Value=180000000
RCC.FMPI2C1Freq_Value=45000000
RCC.FamilyName=M
RCC.HCLKFreq_Value=180000000
RCC.HSE_VALUE=8000000
RCC.I2S1Freq_Value=48000000
RCC.I2S2Freq_Value=48000000
RCC.IPParameters=AHBFreq_Value,APB1CLKDivider,APB1Freq_Value,APB1TimFreq_Value,APB2CLKDivider,APB2Freq_Value,APB2TimFreq_Value,CECFreq_Value,CortexFreq_Value,FCLKCortexFreq_Value,FMPI2C1Freq_Value,FamilyName,HCLKFreq_Value,HSE_VALUE,I2S1Freq_Value,I2S2Freq_Value,MCO2PinFreq_Value,PLLCLKFreq_Value,PLLI2SPCLKFreq_Value,PLLI2SQCLKFreq_Value,PLLI2SRCLKFreq_Value,PLLI2SoutputFreq_Value,PLLM,PLLN,PLLQCLKFreq_Value,PLLRCLKFreq_Value,PLLSAIPCLKFreq_Value,PLLSAIQCLKFreq_Value,PLLSAIoutputFreq_Value,PLLSourceVirtual,PREFETCH_ENABLE,PWRFreq_Value,SAIAFreq_Value,SAIBFreq_Value,SDIOFreq_Value,SPDIFRXFreq_Value,SYSCLKFreq_VALUE,SYSCLKSource,USBFreq_Value,VCOI2SInputFreq_Value,VCOI2SOutputFreq_Value,VCOInputFreq_Value,VCOOutputFreq_Value,VCOSAIInputFreq_Value,VCOSAIOutputFreq_Value
RCC.MCO2PinFreq_Value=180000000
RCC.PLLCLKFreq_Value=180000000
RCC.PLLI2SPCLKFreq_Value=48000000
RCC.PLLI2SQCLKFreq_Value=48000000
RCC.PLLI2SRCLKFreq_Value=48000000
RCC.PLLI2SoutputFreq_Value=48000000
RCC.PLLM=4
RCC.PLLN=180
RCC.PLLQCLKFreq_Value=180000000
RCC.PLLRCLKFreq_Value=180000000
RCC.PLLSAIPCLKFreq_Value=48000000
RCC.PLLSAIQCLKFreq_Value=48000000
RCC.PLLSAIoutputFreq_Value=48000000
RCC.PLLSourceVirtual=RCC_PLLSOURCE_HSE
RCC.PREFETCH_ENABLE=1
RCC.PWRFreq_Value=180000000
RCC.SAIAFreq_Value=48000000
RCC.SAIBFreq_Value=48000000
RCC.SDIOFreq_Value=180000000
RCC.SPDIFRXFreq_Value=180000000
RCC.SYSCLKFreq_VALUE=180000000
RCC.SYSCLKSource=RCC_SYSCLKSOURCE_PLLCLK
RCC.USBFreq_Value=180000000
RCC.VCOI2SInputFreq_Value=500000
RCC.VCOI2SOutputFreq_Value=96000000
RCC.VCOInputFreq_Value=2000000
RCC.VCOOutputFreq_Value=360000000
RCC.VCOSAIInputFreq_Value=500000
RCC.VCOSAIOutputFreq_Value=96000000
SH.ADCx_IN1.0=ADC3_IN1,IN1
SH.ADCx_IN1.ConfNb=1
SH.ADCx_IN2.0=ADC2_IN2,IN2
SH.ADCx_IN2.ConfNb=1
SH.ADCx_IN3.0=ADC2_IN3,IN3
SH.ADCx_IN3.ConfNb=1
SH.S_TIM1_CH1.0=TIM1_CH1,PWM Generation1 CH1
SH.S_TIM1_CH1.ConfNb=1
SH.S_TIM1_CH2.0=TIM1_CH2,PWM Generation2 CH2
SH.S_TIM1_CH2.ConfNb=1
SH.S_TIM1_CH3.0=TIM1_CH3,PWM Generation3 CH3
SH.S_TIM1_CH3.ConfNb=1
SH.S_TIM2_CH1_ETR.0=TIM2_CH1,Xored_Inputs_Hall_Sensor_Interface
SH.S_TIM2_CH1_ETR.ConfNb=1
SH.S_TIM2_CH2.0=TIM2_CH2,Xored_Inputs_Hall_Sensor_Interface
SH.S_TIM2_CH2.ConfNb=1
SH.S_TIM2_CH3.0=TIM2_CH3,Xored_Inputs_Hall_Sensor_Interface
SH.S_TIM2_CH3.ConfNb=1
SH.SharedAnalog_PC1.0=ADC1_IN11,IN11
SH.SharedAnalog_PC1.ConfNb=1
SPI2.BaudRatePrescaler=SPI_BAUDRATEPRESCALER_64
SPI2.CLKPhase=SPI_PHASE_2EDGE
SPI2.CLKPolarity=SPI_POLARITY_HIGH
SPI2.CalculateBaudRate=703.125 KBits/s
SPI2.Direction=SPI_DIRECTION_2LINES
SPI2.IPParameters=VirtualType,Mode,Direction,CalculateBaudRate,BaudRatePrescaler,CLKPolarity,CLKPhase
SPI2.Mode=SPI_MODE_MASTER
SPI2.VirtualType=VM_MASTER
TIM1.AutoReloadPreload=TIM_AUTORELOAD_PRELOAD_DISABLE
TIM1.AutomaticOutput=TIM_AUTOMATICOUTPUT_DISABLE
TIM1.BreakPolarity=TIM_BREAKPOLARITY_LOW
TIM1.BreakState=TIM_BREAK_DISABLE
TIM1.Channel-PWM\ Generation1\ CH1=TIM_CHANNEL_1
TIM1.Channel-PWM\ Generation2\ CH2=TIM_CHANNEL_2
TIM1.Channel-PWM\ Generation3\ CH3=TIM_CHANNEL_3
TIM1.Channel-PWM\ Generation4\ No\ Output=TIM_CHANNEL_4
TIM1.ClearInputSource=TIM_CLEARINPUTSOURCE_NONE
TIM1.ClockDivision=TIM_CLOCKDIVISION_DIV2
TIM1.CounterMode=TIM_COUNTERMODE_CENTERALIGNED2
TIM1.IPParameters=CounterMode,ClockDivision,AutoReloadPreload,TIM_MasterSlaveMode,TIM_MasterOutputTrigger,BreakState,BreakPolarity,AutomaticOutput,OffStateRunMode,OffStateIDLEMode,LockLevel,ClearInputSource,Channel-PWM Generation1 CH1,OCMode_PWM-PWM Generation1 CH1,OC1Preload_PWM,OCIdleState_1,OCPolarity_1,Channel-PWM Generation2 CH2,OCMode_PWM-PWM Generation2 CH2,OC2Preload_PWM,OCIdleState_2,OCPolarity_2,Channel-PWM Generation3 CH3,OCMode_PWM-PWM Generation3 CH3,OC3Preload_PWM,OCIdleState_3,OCPolarity_3,Channel-PWM Generation4 No Output,OCMode_PWM-PWM Generation4 No Output,OC4Preload_PWM,OCPolarity_4,OCIdleState_4,Prescaler,Period,RepetitionCounter,Pulse-PWM Generation1 CH1,Pulse-PWM Generation2 CH2,Pulse-PWM Generation3 CH3,Pulse-PWM Generation4 No Output
TIM1.IPParametersWithoutCheck=Pulse-PWM Generation4 No Output,RepetitionCounter,Pulse-PWM Generation1 CH1,Pulse-PWM Generation2 CH2,Pulse-PWM Generation3 CH3,Prescaler,Period
TIM1.LockLevel=TIM_LOCKLEVEL_OFF
TIM1.OC1Preload_PWM=ENABLE
TIM1.OC2Preload_PWM=ENABLE
TIM1.OC3Preload_PWM=ENABLE
TIM1.OC4Preload_PWM=ENABLE
TIM1.OCIdleState_1=TIM_OCIDLESTATE_RESET
TIM1.OCIdleState_2=TIM_OCIDLESTATE_RESET
TIM1.OCIdleState_3=TIM_OCIDLESTATE_RESET
TIM1.OCIdleState_4=TIM_OCIDLESTATE_RESET
TIM1.OCMode_PWM-PWM\ Generation1\ CH1=TIM_OCMODE_PWM1
TIM1.OCMode_PWM-PWM\ Generation2\ CH2=TIM_OCMODE_PWM1
TIM1.OCMode_PWM-PWM\ Generation3\ CH3=TIM_OCMODE_PWM1
TIM1.OCMode_PWM-PWM\ Generation4\ No\ Output=TIM_OCMODE_PWM2
TIM1.OCPolarity_1=TIM_OCPOLARITY_HIGH
TIM1.OCPolarity_2=TIM_OCPOLARITY_HIGH
TIM1.OCPolarity_3=TIM_OCPOLARITY_HIGH
TIM1.OCPolarity_4=TIM_OCPOLARITY_HIGH
TIM1.OffStateIDLEMode=TIM_OSSI_ENABLE
TIM1.OffStateRunMode=TIM_OSSR_ENABLE
TIM1.Period=((PWM_PERIOD_CYCLES) / 2)
TIM1.Prescaler=((TIM_CLOCK_DIVIDER) - 1)
TIM1.Pulse-PWM\ Generation1\ CH1=((PWM_PERIOD_CYCLES) / 4)
TIM1.Pulse-PWM\ Generation2\ CH2=((PWM_PERIOD_CYCLES) / 4)
TIM1.Pulse-PWM\ Generation3\ CH3=((PWM_PERIOD_CYCLES) / 4)
TIM1.Pulse-PWM\ Generation4\ No\ Output=(((PWM_PERIOD_CYCLES) / 2) - (HTMIN))
TIM1.RepetitionCounter=(REP_COUNTER)
TIM1.TIM_MasterOutputTrigger=TIM_TRGO_UPDATE
TIM1.TIM_MasterSlaveMode=TIM_MASTERSLAVEMODE_DISABLE
TIM11.IPParameters=Prescaler,Period
TIM11.Period=500-1
TIM11.Prescaler=18-1
TIM14.IPParameters=Prescaler,Period
TIM14.Period=1000-1
TIM14.Prescaler=90-1
TIM2.IC1Filter=M1_HALL_IC_FILTER
TIM2.IPParameters=IC1Filter,Period
TIM2.IPParametersWithoutCheck=Period,IC1Filter
TIM2.Period=M1_HALL_TIM_PERIOD
TIM6.IPParameters=Prescaler,Period
TIM6.Period=40000-1
TIM6.Prescaler=90-1
VP_MotorControl_MC_ENABLED.Mode=Enabled
VP_MotorControl_MC_ENABLED.Signal=MotorControl_MC_ENABLED
VP_SYS_VS_Systick.Mode=SysTick
VP_SYS_VS_Systick.Signal=SYS_VS_Systick
VP_TIM11_VS_ClockSourceINT.Mode=Enable_Timer
VP_TIM11_VS_ClockSourceINT.Signal=TIM11_VS_ClockSourceINT
VP_TIM14_VS_ClockSourceINT.Mode=Enable_Timer
VP_TIM14_VS_ClockSourceINT.Signal=TIM14_VS_ClockSourceINT
VP_TIM1_VS_no_output4.Mode=PWM Generation4 No Output
VP_TIM1_VS_no_output4.Signal=TIM1_VS_no_output4
VP_TIM2_VS_ClockSourceINT.Mode=Internal
VP_TIM2_VS_ClockSourceINT.Signal=TIM2_VS_ClockSourceINT
VP_TIM6_VS_ClockSourceINT.Mode=Enable_Timer
VP_TIM6_VS_ClockSourceINT.Signal=TIM6_VS_ClockSourceINT
board=custom
isbadioc=false
isbadioc=false
isbadioc=false
